
Microsoft Visual Studio Solution File, Format Version 12.00
# Visual Studio Version 17
VisualStudioVersion = 17.5.002.0
MinimumVisualStudioVersion = 10.0.40219.1
Project("{9A19103F-16F7-4668-BE54-9A1E7A4F7556}") = "ShoppingWebApi", "ShoppingWebApi.csproj", "{83B43D03-29B5-42EF-8C05-DDD12E4FCAF7}"
EndProject
Global
	GlobalSection(SolutionConfigurationPlatforms) = preSolution
		Debug|Any CPU = Debug|Any CPU
		Release|Any CPU = Release|Any CPU
	EndGlobalSection
	GlobalSection(ProjectConfigurationPlatforms) = postSolution
		{83B43D03-29B5-42EF-8C05-DDD12E4FCAF7}.Debug|Any CPU.ActiveCfg = Debug|Any CPU
		{83B43D03-29B5-42EF-8C05-DDD12E4FCAF7}.Debug|Any CPU.Build.0 = Debug|Any CPU
		{83B43D03-29B5-42EF-8C05-DDD12E4FCAF7}.Release|Any CPU.ActiveCfg = Release|Any CPU
		{83B43D03-29B5-42EF-8C05-DDD12E4FCAF7}.Release|Any CPU.Build.0 = Release|Any CPU
	EndGlobalSection
	GlobalSection(SolutionProperties) = preSolution
		HideSolutionNode = FALSE
	EndGlobalSection
	GlobalSection(ExtensibilityGlobals) = postSolution
		SolutionGuid = {3339D363-F8BC-4B2D-ADEB-8D79A3B6139B}
	EndGlobalSection
EndGlobal
