
Microsoft Visual Studio Solution File, Format Version 12.00
# Visual Studio Version 17
VisualStudioVersion = 17.8.34330.188
MinimumVisualStudioVersion = 10.0.40219.1
Project("{FAE04EC0-301F-11D3-BF4B-00C04F79EFBC}") = "JWTDemo", "JWTDemo.csproj", "{A1F3239C-CE02-4F53-89E6-07EAAFF455BA}"
EndProject
Global
	GlobalSection(SolutionConfigurationPlatforms) = preSolution
		Debug|Any CPU = Debug|Any CPU
		Release|Any CPU = Release|Any CPU
	EndGlobalSection
	GlobalSection(ProjectConfigurationPlatforms) = postSolution
		{A1F3239C-CE02-4F53-89E6-07EAAFF455BA}.Debug|Any CPU.ActiveCfg = Debug|Any CPU
		{A1F3239C-CE02-4F53-89E6-07EAAFF455BA}.Debug|Any CPU.Build.0 = Debug|Any CPU
		{A1F3239C-CE02-4F53-89E6-07EAAFF455BA}.Release|Any CPU.ActiveCfg = Release|Any CPU
		{A1F3239C-CE02-4F53-89E6-07EAAFF455BA}.Release|Any CPU.Build.0 = Release|Any CPU
	EndGlobalSection
	GlobalSection(SolutionProperties) = preSolution
		HideSolutionNode = FALSE
	EndGlobalSection
	GlobalSection(ExtensibilityGlobals) = postSolution
		SolutionGuid = {A351F426-AD28-4BA8-8790-7017A779979C}
	EndGlobalSection
EndGlobal
