
Microsoft Visual Studio Solution File, Format Version 12.00
# Visual Studio Version 17
VisualStudioVersion = 17.5.002.0
MinimumVisualStudioVersion = 10.0.40219.1
Project("{9A19103F-16F7-4668-BE54-9A1E7A4F7556}") = "tst chat", "tst chat.csproj", "{709E0BDD-C3DE-4AD8-8C5B-DED9A8AA8EA8}"
EndProject
Global
	GlobalSection(SolutionConfigurationPlatforms) = preSolution
		Debug|Any CPU = Debug|Any CPU
		Release|Any CPU = Release|Any CPU
	EndGlobalSection
	GlobalSection(ProjectConfigurationPlatforms) = postSolution
		{709E0BDD-C3DE-4AD8-8C5B-DED9A8AA8EA8}.Debug|Any CPU.ActiveCfg = Debug|Any CPU
		{709E0BDD-C3DE-4AD8-8C5B-DED9A8AA8EA8}.Debug|Any CPU.Build.0 = Debug|Any CPU
		{709E0BDD-C3DE-4AD8-8C5B-DED9A8AA8EA8}.Release|Any CPU.ActiveCfg = Release|Any CPU
		{709E0BDD-C3DE-4AD8-8C5B-DED9A8AA8EA8}.Release|Any CPU.Build.0 = Release|Any CPU
	EndGlobalSection
	GlobalSection(SolutionProperties) = preSolution
		HideSolutionNode = FALSE
	EndGlobalSection
	GlobalSection(ExtensibilityGlobals) = postSolution
		SolutionGuid = {DF2C7F7B-FACF-4FBB-808E-99139048736C}
	EndGlobalSection
EndGlobal
