
Microsoft Visual Studio Solution File, Format Version 12.00
# Visual Studio Version 17
VisualStudioVersion = 17.5.002.0
MinimumVisualStudioVersion = 10.0.40219.1
Project("{9A19103F-16F7-4668-BE54-9A1E7A4F7556}") = "RepPatternDb", "RepPatternDb\RepPatternDb.csproj", "{7C29CAF3-5ED3-43AD-9ED6-7BD5BF30328A}"
EndProject
Global
	GlobalSection(SolutionConfigurationPlatforms) = preSolution
		Debug|Any CPU = Debug|Any CPU
		Release|Any CPU = Release|Any CPU
	EndGlobalSection
	GlobalSection(ProjectConfigurationPlatforms) = postSolution
		{7C29CAF3-5ED3-43AD-9ED6-7BD5BF30328A}.Debug|Any CPU.ActiveCfg = Debug|Any CPU
		{7C29CAF3-5ED3-43AD-9ED6-7BD5BF30328A}.Debug|Any CPU.Build.0 = Debug|Any CPU
		{7C29CAF3-5ED3-43AD-9ED6-7BD5BF30328A}.Release|Any CPU.ActiveCfg = Release|Any CPU
		{7C29CAF3-5ED3-43AD-9ED6-7BD5BF30328A}.Release|Any CPU.Build.0 = Release|Any CPU
	EndGlobalSection
	GlobalSection(SolutionProperties) = preSolution
		HideSolutionNode = FALSE
	EndGlobalSection
	GlobalSection(ExtensibilityGlobals) = postSolution
		SolutionGuid = {1C9FE82F-8FCE-4277-ADB9-5138573CFB82}
	EndGlobalSection
EndGlobal
